
Microsoft Visual Studio Solution File, Format Version 12.00
# Visual Studio Version 16
VisualStudioVersion = 16.0.35425.106
MinimumVisualStudioVersion = 10.0.40219.1
Project("{2150E333-8FDC-42A3-9474-1A3956D46DE8}") = "DLL", "DLL", "{A87C55FA-21CE-4F41-BD61-AA26C8B81C48}"
EndProject
Project("{2150E333-8FDC-42A3-9474-1A3956D46DE8}") = "GUI", "GUI", "{D09C0738-8DA6-42CC-9F05-CC1FAA2E4A1C}"
EndProject
Project("{FAE04EC0-301F-11D3-BF4B-00C04F79EFBC}") = "POSClient", "GUI\POSClient\POSClient.csproj", "{43D22813-9CE6-4204-8583-A16E6EA137FC}"
	ProjectSection(ProjectDependencies) = postProject
		{B913B359-AFC6-4825-9295-E04A4071B82F} = {B913B359-AFC6-4825-9295-E04A4071B82F}
		{819EBC69-6A3D-4367-B849-9C3DD3470C32} = {819EBC69-6A3D-4367-B849-9C3DD3470C32}
		{57A87D89-ADC5-4889-B137-E9B501EEB335} = {57A87D89-ADC5-4889-B137-E9B501EEB335}
		{B9AD23D7-EC96-4FB0-BF5C-DA9EC3420F84} = {B9AD23D7-EC96-4FB0-BF5C-DA9EC3420F84}
		{092FCFF3-BBE1-4FE7-9481-4EC2E99CF01F} = {092FCFF3-BBE1-4FE7-9481-4EC2E99CF01F}
	EndProjectSection
EndProject
Project("{2150E333-8FDC-42A3-9474-1A3956D46DE8}") = "Constant", "Constant", "{CF2B7CAC-E0AD-4038-988A-0E99406895DD}"
EndProject
Project("{2150E333-8FDC-42A3-9474-1A3956D46DE8}") = "DatabaseAccess", "DatabaseAccess", "{E020B5AB-553C-47E4-BD2E-611AA5F8D5F7}"
EndProject
Project("{2150E333-8FDC-42A3-9474-1A3956D46DE8}") = "DatabaseHandler", "DatabaseHandler", "{99050719-F9B8-4E8F-8B86-285121E5A6A1}"
EndProject
Project("{2150E333-8FDC-42A3-9474-1A3956D46DE8}") = "EncryptDecrypt", "EncryptDecrypt", "{7F9F4B6C-335F-4E9B-89EA-5EA4D05D8B16}"
EndProject
Project("{2150E333-8FDC-42A3-9474-1A3956D46DE8}") = "ErrorHandler", "ErrorHandler", "{124A838D-FD55-4E1B-9042-4302AEFF3F0B}"
EndProject
Project("{FAE04EC0-301F-11D3-BF4B-00C04F79EFBC}") = "Constant", "DLL\Constant\Constant.csproj", "{B913B359-AFC6-4825-9295-E04A4071B82F}"
EndProject
Project("{FAE04EC0-301F-11D3-BF4B-00C04F79EFBC}") = "ErrorHandler", "DLL\ErrorHandler\ErrorHandler.csproj", "{092FCFF3-BBE1-4FE7-9481-4EC2E99CF01F}"
EndProject
Project("{FAE04EC0-301F-11D3-BF4B-00C04F79EFBC}") = "EncryptDecrypt", "DLL\EncryptDecrypt\EncryptDecrypt.csproj", "{819EBC69-6A3D-4367-B849-9C3DD3470C32}"
EndProject
Project("{FAE04EC0-301F-11D3-BF4B-00C04F79EFBC}") = "DatabaseHandler", "DLL\DatabaseHandler\DatabaseHandler.csproj", "{57A87D89-ADC5-4889-B137-E9B501EEB335}"
	ProjectSection(ProjectDependencies) = postProject
		{092FCFF3-BBE1-4FE7-9481-4EC2E99CF01F} = {092FCFF3-BBE1-4FE7-9481-4EC2E99CF01F}
	EndProjectSection
EndProject
Project("{FAE04EC0-301F-11D3-BF4B-00C04F79EFBC}") = "DatabaseAccess", "DLL\DatabaseAccess\DatabaseAccess.csproj", "{B9AD23D7-EC96-4FB0-BF5C-DA9EC3420F84}"
	ProjectSection(ProjectDependencies) = postProject
		{B913B359-AFC6-4825-9295-E04A4071B82F} = {B913B359-AFC6-4825-9295-E04A4071B82F}
		{819EBC69-6A3D-4367-B849-9C3DD3470C32} = {819EBC69-6A3D-4367-B849-9C3DD3470C32}
		{57A87D89-ADC5-4889-B137-E9B501EEB335} = {57A87D89-ADC5-4889-B137-E9B501EEB335}
		{092FCFF3-BBE1-4FE7-9481-4EC2E99CF01F} = {092FCFF3-BBE1-4FE7-9481-4EC2E99CF01F}
	EndProjectSection
EndProject
Global
	GlobalSection(SolutionConfigurationPlatforms) = preSolution
		Debug|Any CPU = Debug|Any CPU
		Release|Any CPU = Release|Any CPU
	EndGlobalSection
	GlobalSection(ProjectConfigurationPlatforms) = postSolution
		{43D22813-9CE6-4204-8583-A16E6EA137FC}.Debug|Any CPU.ActiveCfg = Debug|Any CPU
		{43D22813-9CE6-4204-8583-A16E6EA137FC}.Debug|Any CPU.Build.0 = Debug|Any CPU
		{43D22813-9CE6-4204-8583-A16E6EA137FC}.Release|Any CPU.ActiveCfg = Release|Any CPU
		{43D22813-9CE6-4204-8583-A16E6EA137FC}.Release|Any CPU.Build.0 = Release|Any CPU
		{B913B359-AFC6-4825-9295-E04A4071B82F}.Debug|Any CPU.ActiveCfg = Debug|Any CPU
		{B913B359-AFC6-4825-9295-E04A4071B82F}.Debug|Any CPU.Build.0 = Debug|Any CPU
		{B913B359-AFC6-4825-9295-E04A4071B82F}.Release|Any CPU.ActiveCfg = Release|Any CPU
		{B913B359-AFC6-4825-9295-E04A4071B82F}.Release|Any CPU.Build.0 = Release|Any CPU
		{092FCFF3-BBE1-4FE7-9481-4EC2E99CF01F}.Debug|Any CPU.ActiveCfg = Debug|Any CPU
		{092FCFF3-BBE1-4FE7-9481-4EC2E99CF01F}.Debug|Any CPU.Build.0 = Debug|Any CPU
		{092FCFF3-BBE1-4FE7-9481-4EC2E99CF01F}.Release|Any CPU.ActiveCfg = Release|Any CPU
		{092FCFF3-BBE1-4FE7-9481-4EC2E99CF01F}.Release|Any CPU.Build.0 = Release|Any CPU
		{819EBC69-6A3D-4367-B849-9C3DD3470C32}.Debug|Any CPU.ActiveCfg = Debug|Any CPU
		{819EBC69-6A3D-4367-B849-9C3DD3470C32}.Debug|Any CPU.Build.0 = Debug|Any CPU
		{819EBC69-6A3D-4367-B849-9C3DD3470C32}.Release|Any CPU.ActiveCfg = Release|Any CPU
		{819EBC69-6A3D-4367-B849-9C3DD3470C32}.Release|Any CPU.Build.0 = Release|Any CPU
		{57A87D89-ADC5-4889-B137-E9B501EEB335}.Debug|Any CPU.ActiveCfg = Debug|Any CPU
		{57A87D89-ADC5-4889-B137-E9B501EEB335}.Debug|Any CPU.Build.0 = Debug|Any CPU
		{57A87D89-ADC5-4889-B137-E9B501EEB335}.Release|Any CPU.ActiveCfg = Release|Any CPU
		{57A87D89-ADC5-4889-B137-E9B501EEB335}.Release|Any CPU.Build.0 = Release|Any CPU
		{B9AD23D7-EC96-4FB0-BF5C-DA9EC3420F84}.Debug|Any CPU.ActiveCfg = Debug|Any CPU
		{B9AD23D7-EC96-4FB0-BF5C-DA9EC3420F84}.Debug|Any CPU.Build.0 = Debug|Any CPU
		{B9AD23D7-EC96-4FB0-BF5C-DA9EC3420F84}.Release|Any CPU.ActiveCfg = Release|Any CPU
		{B9AD23D7-EC96-4FB0-BF5C-DA9EC3420F84}.Release|Any CPU.Build.0 = Release|Any CPU
	EndGlobalSection
	GlobalSection(SolutionProperties) = preSolution
		HideSolutionNode = FALSE
	EndGlobalSection
	GlobalSection(NestedProjects) = preSolution
		{43D22813-9CE6-4204-8583-A16E6EA137FC} = {D09C0738-8DA6-42CC-9F05-CC1FAA2E4A1C}
		{CF2B7CAC-E0AD-4038-988A-0E99406895DD} = {A87C55FA-21CE-4F41-BD61-AA26C8B81C48}
		{E020B5AB-553C-47E4-BD2E-611AA5F8D5F7} = {A87C55FA-21CE-4F41-BD61-AA26C8B81C48}
		{99050719-F9B8-4E8F-8B86-285121E5A6A1} = {A87C55FA-21CE-4F41-BD61-AA26C8B81C48}
		{7F9F4B6C-335F-4E9B-89EA-5EA4D05D8B16} = {A87C55FA-21CE-4F41-BD61-AA26C8B81C48}
		{124A838D-FD55-4E1B-9042-4302AEFF3F0B} = {A87C55FA-21CE-4F41-BD61-AA26C8B81C48}
		{B913B359-AFC6-4825-9295-E04A4071B82F} = {CF2B7CAC-E0AD-4038-988A-0E99406895DD}
		{092FCFF3-BBE1-4FE7-9481-4EC2E99CF01F} = {124A838D-FD55-4E1B-9042-4302AEFF3F0B}
		{819EBC69-6A3D-4367-B849-9C3DD3470C32} = {7F9F4B6C-335F-4E9B-89EA-5EA4D05D8B16}
		{57A87D89-ADC5-4889-B137-E9B501EEB335} = {99050719-F9B8-4E8F-8B86-285121E5A6A1}
		{B9AD23D7-EC96-4FB0-BF5C-DA9EC3420F84} = {E020B5AB-553C-47E4-BD2E-611AA5F8D5F7}
	EndGlobalSection
	GlobalSection(ExtensibilityGlobals) = postSolution
		SolutionGuid = {D1C73F74-2511-43B7-92F0-84A087B5739E}
	EndGlobalSection
EndGlobal
